
Microsoft Visual Studio Solution File, Format Version 12.00
# Visual Studio Version 17
VisualStudioVersion = 17.14.36429.23 d17.14
MinimumVisualStudioVersion = 10.0.40219.1
Project("{FAE04EC0-301F-11D3-BF4B-00C04F79EFBC}") = "examen01_ti_Tonguino_Villacis", "examen01_ti_Tonguino_Villacis\examen01_ti_Tonguino_Villacis.csproj", "{C674650A-DF80-46BB-91DC-0006341CDBC9}"
EndProject
Global
	GlobalSection(SolutionConfigurationPlatforms) = preSolution
		Debug|Any CPU = Debug|Any CPU
		Release|Any CPU = Release|Any CPU
	EndGlobalSection
	GlobalSection(ProjectConfigurationPlatforms) = postSolution
		{C674650A-DF80-46BB-91DC-0006341CDBC9}.Debug|Any CPU.ActiveCfg = Debug|Any CPU
		{C674650A-DF80-46BB-91DC-0006341CDBC9}.Debug|Any CPU.Build.0 = Debug|Any CPU
		{C674650A-DF80-46BB-91DC-0006341CDBC9}.Release|Any CPU.ActiveCfg = Release|Any CPU
		{C674650A-DF80-46BB-91DC-0006341CDBC9}.Release|Any CPU.Build.0 = Release|Any CPU
	EndGlobalSection
	GlobalSection(SolutionProperties) = preSolution
		HideSolutionNode = FALSE
	EndGlobalSection
	GlobalSection(ExtensibilityGlobals) = postSolution
		SolutionGuid = {73444C83-8A6F-4B81-B758-916C6353F9A3}
	EndGlobalSection
EndGlobal
